{
  "name": "dashboard",
  "version": "1.0.0",
  "lockfileVersion": 1,
  "requires": true,
  "dependencies": {
    "@mdi/font": {
      "version": "3.4.93",
      "resolved": "https://registry.npmjs.org/@mdi/font/-/font-3.4.93.tgz",
      "integrity": "sha512-iXNInmV6Xlmq8SA1zvYxp4uUA7/Z3cNgiK+Ps8UmHZNn1FLD6KDgeg0XE5RCraK+9qPWl8jsiBMpmbs+RFxI4Q=="
    },
    "material-design-icons": {
      "version": "3.0.1",
      "resolved": "https://registry.npmjs.org/material-design-icons/-/material-design-icons-3.0.1.tgz",
      "integrity": "sha1-mnHEh0chjrylHlGmbaaCA4zct78="
    },
    "perfect-scrollbar": {
      "version": "1.4.0",
      "resolved": "https://registry.npmjs.org/perfect-scrollbar/-/perfect-scrollbar-1.4.0.tgz",
      "integrity": "sha512-/2Sk/khljhdrsamjJYS5NjrH+GKEHEwh7zFSiYyxROyYKagkE4kSn2zDQDRTOMo8mpT2jikxx6yI1dG7lNP/hw=="
    },
    "ti-icons": {
      "version": "0.1.2",
      "resolved": "https://registry.npmjs.org/ti-icons/-/ti-icons-0.1.2.tgz",
      "integrity": "sha1-i9m5bS+r0f/h78dTTT3TuYllH5M="
    }
  }
}
